// !$*UTF8*$!
{
	archiveVersion = 1;
	classes = {
	};
	objectVersion = 51;
	objects = {

/* Begin PBXBuildFile section */
		0D031B1C258AA047005FF413 /* ImLikeIt.swift in Sources */ = {isa = PBXBuildFile; fileRef = 0D031B1B258AA047005FF413 /* ImLikeIt.swift */; };
		0D0CF7112576E1E700B59DB8 /* AppDelegate.swift in Sources */ = {isa = PBXBuildFile; fileRef = 0D0CF7102576E1E700B59DB8 /* AppDelegate.swift */; };
		0D0CF7132576E1E700B59DB8 /* SceneDelegate.swift in Sources */ = {isa = PBXBuildFile; fileRef = 0D0CF7122576E1E700B59DB8 /* SceneDelegate.swift */; };
		0D0CF7182576E1E700B59DB8 /* Main.storyboard in Resources */ = {isa = PBXBuildFile; fileRef = 0D0CF7162576E1E700B59DB8 /* Main.storyboard */; };
		0D0CF71A2576E1E900B59DB8 /* Assets.xcassets in Resources */ = {isa = PBXBuildFile; fileRef = 0D0CF7192576E1E900B59DB8 /* Assets.xcassets */; };
		0D0CF71D2576E1E900B59DB8 /* LaunchScreen.storyboard in Resources */ = {isa = PBXBuildFile; fileRef = 0D0CF71B2576E1E900B59DB8 /* LaunchScreen.storyboard */; };
		0D0CF7272576E3AA00B59DB8 /* LoginFormController.swift in Sources */ = {isa = PBXBuildFile; fileRef = 0D0CF7262576E3AA00B59DB8 /* LoginFormController.swift */; };
		0D21973D258A8F1D00E6564C /* AvatarImage.swift in Sources */ = {isa = PBXBuildFile; fileRef = 0D21973C258A8F1D00E6564C /* AvatarImage.swift */; };
		0D25EB982584FFB70035A6E1 /* GroupsTableViewController.swift in Sources */ = {isa = PBXBuildFile; fileRef = 0D25EB972584FFB70035A6E1 /* GroupsTableViewController.swift */; };
		0D25EB9E258502860035A6E1 /* GroupsTableViewCell.swift in Sources */ = {isa = PBXBuildFile; fileRef = 0D25EB9D258502860035A6E1 /* GroupsTableViewCell.swift */; };
		0D25EBA3258514130035A6E1 /* AllGroupsTableViewController.swift in Sources */ = {isa = PBXBuildFile; fileRef = 0D25EBA2258514130035A6E1 /* AllGroupsTableViewController.swift */; };
		0D25EBA7258516070035A6E1 /* AllGroupsTableViewCell.swift in Sources */ = {isa = PBXBuildFile; fileRef = 0D25EBA6258516070035A6E1 /* AllGroupsTableViewCell.swift */; };
		0D25EBAB25851BAF0035A6E1 /* Model.swift in Sources */ = {isa = PBXBuildFile; fileRef = 0D25EBAA25851BAF0035A6E1 /* Model.swift */; };
		0D33C14A2581400C00720367 /* FrinendsTableViewController.swift in Sources */ = {isa = PBXBuildFile; fileRef = 0D33C1492581400C00720367 /* FrinendsTableViewController.swift */; };
		0D33C151258141AC00720367 /* FriendTableViewCell.swift in Sources */ = {isa = PBXBuildFile; fileRef = 0D33C150258141AC00720367 /* FriendTableViewCell.swift */; };
		0D33C15425814CDF00720367 /* FriendCollectionViewController.swift in Sources */ = {isa = PBXBuildFile; fileRef = 0D33C15325814CDF00720367 /* FriendCollectionViewController.swift */; };
		0D33C15725814F4600720367 /* FriendCollectionViewCell.swift in Sources */ = {isa = PBXBuildFile; fileRef = 0D33C15625814F4600720367 /* FriendCollectionViewCell.swift */; };
		0D437EFF2597708600CF9164 /* LoadingIndicatorUIView.swift in Sources */ = {isa = PBXBuildFile; fileRef = 0D437EFE2597708600CF9164 /* LoadingIndicatorUIView.swift */; };
		0D6715AF25863D5B00215115 /* Graphics.storyboard in Resources */ = {isa = PBXBuildFile; fileRef = 0D6715AE25863D5B00215115 /* Graphics.storyboard */; };
		0D6715B225863D9400215115 /* GraphicsViewController.swift in Sources */ = {isa = PBXBuildFile; fileRef = 0D6715B125863D9400215115 /* GraphicsViewController.swift */; };
		0DA27765258E446400767C49 /* NewsTableViewController.swift in Sources */ = {isa = PBXBuildFile; fileRef = 0DA27764258E446400767C49 /* NewsTableViewController.swift */; };
		0DA27769258E44FD00767C49 /* NewsTableViewCell.swift in Sources */ = {isa = PBXBuildFile; fileRef = 0DA27767258E44FD00767C49 /* NewsTableViewCell.swift */; };
		0DA2776A258E44FD00767C49 /* NewsTableViewCell.xib in Resources */ = {isa = PBXBuildFile; fileRef = 0DA27768258E44FD00767C49 /* NewsTableViewCell.xib */; };
		0DB25BFD25B32C66007769F9 /* Account.swift in Sources */ = {isa = PBXBuildFile; fileRef = 0DB25BFC25B32C66007769F9 /* Account.swift */; };
		0DD731982593CE2B00499C5D /* NewsTableViewSectionHeader.xib in Resources */ = {isa = PBXBuildFile; fileRef = 0DD731972593CE2B00499C5D /* NewsTableViewSectionHeader.xib */; };
		0DD7319B2593CEBA00499C5D /* NewsTableViewSectionHeader.swift in Sources */ = {isa = PBXBuildFile; fileRef = 0DD7319A2593CEBA00499C5D /* NewsTableViewSectionHeader.swift */; };
		0DD731A02593DD9C00499C5D /* NewsTextTableViewCell.swift in Sources */ = {isa = PBXBuildFile; fileRef = 0DD7319F2593DD9C00499C5D /* NewsTextTableViewCell.swift */; };
		0DD731A32593DF5F00499C5D /* NewsImagePublicationCell.swift in Sources */ = {isa = PBXBuildFile; fileRef = 0DD731A22593DF5F00499C5D /* NewsImagePublicationCell.swift */; };
		0DD731A82593F4FB00499C5D /* NewsTableSectionFooter.swift in Sources */ = {isa = PBXBuildFile; fileRef = 0DD731A62593F4FB00499C5D /* NewsTableSectionFooter.swift */; };
		0DD731A92593F4FB00499C5D /* NewsTableSectionFooter.xib in Resources */ = {isa = PBXBuildFile; fileRef = 0DD731A72593F4FB00499C5D /* NewsTableSectionFooter.xib */; };
		0DD83ABA25B4E64600EDB9E5 /* NetworkServices.swift in Sources */ = {isa = PBXBuildFile; fileRef = 0DD83AB925B4E64600EDB9E5 /* NetworkServices.swift */; };
		0DD83AC225B6275E00EDB9E5 /* AuthorizationVKController.swift in Sources */ = {isa = PBXBuildFile; fileRef = 0DD83AC125B6275E00EDB9E5 /* AuthorizationVKController.swift */; };
		0DD83AC625B62BBD00EDB9E5 /* LoginViewController.swift in Sources */ = {isa = PBXBuildFile; fileRef = 0DD83AC525B62BBD00EDB9E5 /* LoginViewController.swift */; };
		FA5D0C76F9053FAF634569F7 /* Pods_GB_UserUI_ClientVK.framework in Frameworks */ = {isa = PBXBuildFile; fileRef = 7C4064C8942518732A1B26C4 /* Pods_GB_UserUI_ClientVK.framework */; };
/* End PBXBuildFile section */

/* Begin PBXFileReference section */
		0D031B1B258AA047005FF413 /* ImLikeIt.swift */ = {isa = PBXFileReference; lastKnownFileType = sourcecode.swift; path = ImLikeIt.swift; sourceTree = "<group>"; };
		0D0CF70D2576E1E700B59DB8 /* GB_UserUI_ClientVK.app */ = {isa = PBXFileReference; explicitFileType = wrapper.application; includeInIndex = 0; path = GB_UserUI_ClientVK.app; sourceTree = BUILT_PRODUCTS_DIR; };
		0D0CF7102576E1E700B59DB8 /* AppDelegate.swift */ = {isa = PBXFileReference; lastKnownFileType = sourcecode.swift; path = AppDelegate.swift; sourceTree = "<group>"; };
		0D0CF7122576E1E700B59DB8 /* SceneDelegate.swift */ = {isa = PBXFileReference; lastKnownFileType = sourcecode.swift; path = SceneDelegate.swift; sourceTree = "<group>"; };
		0D0CF7172576E1E700B59DB8 /* Base */ = {isa = PBXFileReference; lastKnownFileType = file.storyboard; name = Base; path = Base.lproj/Main.storyboard; sourceTree = "<group>"; };
		0D0CF7192576E1E900B59DB8 /* Assets.xcassets */ = {isa = PBXFileReference; lastKnownFileType = folder.assetcatalog; path = Assets.xcassets; sourceTree = "<group>"; };
		0D0CF71C2576E1E900B59DB8 /* Base */ = {isa = PBXFileReference; lastKnownFileType = file.storyboard; name = Base; path = Base.lproj/LaunchScreen.storyboard; sourceTree = "<group>"; };
		0D0CF71E2576E1E900B59DB8 /* Info.plist */ = {isa = PBXFileReference; lastKnownFileType = text.plist.xml; path = Info.plist; sourceTree = "<group>"; };
		0D0CF7262576E3AA00B59DB8 /* LoginFormController.swift */ = {isa = PBXFileReference; lastKnownFileType = sourcecode.swift; path = LoginFormController.swift; sourceTree = "<group>"; };
		0D21973C258A8F1D00E6564C /* AvatarImage.swift */ = {isa = PBXFileReference; lastKnownFileType = sourcecode.swift; path = AvatarImage.swift; sourceTree = "<group>"; };
		0D25EB972584FFB70035A6E1 /* GroupsTableViewController.swift */ = {isa = PBXFileReference; lastKnownFileType = sourcecode.swift; path = GroupsTableViewController.swift; sourceTree = "<group>"; };
		0D25EB9D258502860035A6E1 /* GroupsTableViewCell.swift */ = {isa = PBXFileReference; lastKnownFileType = sourcecode.swift; path = GroupsTableViewCell.swift; sourceTree = "<group>"; };
		0D25EBA2258514130035A6E1 /* AllGroupsTableViewController.swift */ = {isa = PBXFileReference; lastKnownFileType = sourcecode.swift; path = AllGroupsTableViewController.swift; sourceTree = "<group>"; };
		0D25EBA6258516070035A6E1 /* AllGroupsTableViewCell.swift */ = {isa = PBXFileReference; lastKnownFileType = sourcecode.swift; path = AllGroupsTableViewCell.swift; sourceTree = "<group>"; };
		0D25EBAA25851BAF0035A6E1 /* Model.swift */ = {isa = PBXFileReference; lastKnownFileType = sourcecode.swift; path = Model.swift; sourceTree = "<group>"; };
		0D33C1492581400C00720367 /* FrinendsTableViewController.swift */ = {isa = PBXFileReference; lastKnownFileType = sourcecode.swift; path = FrinendsTableViewController.swift; sourceTree = "<group>"; };
		0D33C150258141AC00720367 /* FriendTableViewCell.swift */ = {isa = PBXFileReference; lastKnownFileType = sourcecode.swift; path = FriendTableViewCell.swift; sourceTree = "<group>"; };
		0D33C15325814CDF00720367 /* FriendCollectionViewController.swift */ = {isa = PBXFileReference; lastKnownFileType = sourcecode.swift; path = FriendCollectionViewController.swift; sourceTree = "<group>"; };
		0D33C15625814F4600720367 /* FriendCollectionViewCell.swift */ = {isa = PBXFileReference; lastKnownFileType = sourcecode.swift; path = FriendCollectionViewCell.swift; sourceTree = "<group>"; };
		0D437EFE2597708600CF9164 /* LoadingIndicatorUIView.swift */ = {isa = PBXFileReference; lastKnownFileType = sourcecode.swift; path = LoadingIndicatorUIView.swift; sourceTree = "<group>"; };
		0D6715AE25863D5B00215115 /* Graphics.storyboard */ = {isa = PBXFileReference; lastKnownFileType = file.storyboard; path = Graphics.storyboard; sourceTree = "<group>"; };
		0D6715B125863D9400215115 /* GraphicsViewController.swift */ = {isa = PBXFileReference; lastKnownFileType = sourcecode.swift; path = GraphicsViewController.swift; sourceTree = "<group>"; };
		0DA27764258E446400767C49 /* NewsTableViewController.swift */ = {isa = PBXFileReference; lastKnownFileType = sourcecode.swift; path = NewsTableViewController.swift; sourceTree = "<group>"; };
		0DA27767258E44FD00767C49 /* NewsTableViewCell.swift */ = {isa = PBXFileReference; lastKnownFileType = sourcecode.swift; path = NewsTableViewCell.swift; sourceTree = "<group>"; };
		0DA27768258E44FD00767C49 /* NewsTableViewCell.xib */ = {isa = PBXFileReference; lastKnownFileType = file.xib; path = NewsTableViewCell.xib; sourceTree = "<group>"; };
		0DB25BFC25B32C66007769F9 /* Account.swift */ = {isa = PBXFileReference; lastKnownFileType = sourcecode.swift; path = Account.swift; sourceTree = "<group>"; };
		0DD731972593CE2B00499C5D /* NewsTableViewSectionHeader.xib */ = {isa = PBXFileReference; lastKnownFileType = file.xib; path = NewsTableViewSectionHeader.xib; sourceTree = "<group>"; };
		0DD7319A2593CEBA00499C5D /* NewsTableViewSectionHeader.swift */ = {isa = PBXFileReference; lastKnownFileType = sourcecode.swift; path = NewsTableViewSectionHeader.swift; sourceTree = "<group>"; };
		0DD7319F2593DD9C00499C5D /* NewsTextTableViewCell.swift */ = {isa = PBXFileReference; lastKnownFileType = sourcecode.swift; path = NewsTextTableViewCell.swift; sourceTree = "<group>"; };
		0DD731A22593DF5F00499C5D /* NewsImagePublicationCell.swift */ = {isa = PBXFileReference; lastKnownFileType = sourcecode.swift; path = NewsImagePublicationCell.swift; sourceTree = "<group>"; };
		0DD731A62593F4FB00499C5D /* NewsTableSectionFooter.swift */ = {isa = PBXFileReference; lastKnownFileType = sourcecode.swift; path = NewsTableSectionFooter.swift; sourceTree = "<group>"; };
		0DD731A72593F4FB00499C5D /* NewsTableSectionFooter.xib */ = {isa = PBXFileReference; lastKnownFileType = file.xib; path = NewsTableSectionFooter.xib; sourceTree = "<group>"; };
		0DD83AB925B4E64600EDB9E5 /* NetworkServices.swift */ = {isa = PBXFileReference; lastKnownFileType = sourcecode.swift; path = NetworkServices.swift; sourceTree = "<group>"; };
		0DD83AC125B6275E00EDB9E5 /* AuthorizationVKController.swift */ = {isa = PBXFileReference; lastKnownFileType = sourcecode.swift; path = AuthorizationVKController.swift; sourceTree = "<group>"; };
		0DD83AC525B62BBD00EDB9E5 /* LoginViewController.swift */ = {isa = PBXFileReference; lastKnownFileType = sourcecode.swift; path = LoginViewController.swift; sourceTree = "<group>"; };
		47A8DF17DFD4C999AF9E77A0 /* Pods-GB_UserUI_ClientVK.debug.xcconfig */ = {isa = PBXFileReference; includeInIndex = 1; lastKnownFileType = text.xcconfig; name = "Pods-GB_UserUI_ClientVK.debug.xcconfig"; path = "Target Support Files/Pods-GB_UserUI_ClientVK/Pods-GB_UserUI_ClientVK.debug.xcconfig"; sourceTree = "<group>"; };
		52F0A0C02C2C60E20F9C39DF /* Pods-GB_UserUI_ClientVK.release.xcconfig */ = {isa = PBXFileReference; includeInIndex = 1; lastKnownFileType = text.xcconfig; name = "Pods-GB_UserUI_ClientVK.release.xcconfig"; path = "Target Support Files/Pods-GB_UserUI_ClientVK/Pods-GB_UserUI_ClientVK.release.xcconfig"; sourceTree = "<group>"; };
		7C4064C8942518732A1B26C4 /* Pods_GB_UserUI_ClientVK.framework */ = {isa = PBXFileReference; explicitFileType = wrapper.framework; includeInIndex = 0; path = Pods_GB_UserUI_ClientVK.framework; sourceTree = BUILT_PRODUCTS_DIR; };
/* End PBXFileReference section */

/* Begin PBXFrameworksBuildPhase section */
		0D0CF70A2576E1E700B59DB8 /* Frameworks */ = {
			isa = PBXFrameworksBuildPhase;
			buildActionMask = 2147483647;
			files = (
				FA5D0C76F9053FAF634569F7 /* Pods_GB_UserUI_ClientVK.framework in Frameworks */,
			);
			runOnlyForDeploymentPostprocessing = 0;
		};
/* End PBXFrameworksBuildPhase section */

/* Begin PBXGroup section */
		0D031B19258AA027005FF413 /* ImLikeIt */ = {
			isa = PBXGroup;
			children = (
				0D031B1B258AA047005FF413 /* ImLikeIt.swift */,
			);
			path = ImLikeIt;
			sourceTree = "<group>";
		};
		0D0CF7042576E1E700B59DB8 = {
			isa = PBXGroup;
			children = (
				0DD83AC025B6272300EDB9E5 /* Authorization */,
				0DD83AB825B4E62400EDB9E5 /* Services */,
				0D437EFD2597703F00CF9164 /* Indicators */,
				0DA27763258E443500767C49 /* News */,
				0D031B19258AA027005FF413 /* ImLikeIt */,
				0D21973B258A8EF500E6564C /* AvatarImage */,
				0D6715AD25863D0E00215115 /* Graphics */,
				0D25EBA925851B950035A6E1 /* Model */,
				0D25EB9B258500060035A6E1 /* View */,
				0D25EB9A2584FFD60035A6E1 /* Login */,
				0D25EB962584FFA70035A6E1 /* Groups */,
				0D33C14825813FC900720367 /* Friends */,
				0D0CF70F2576E1E700B59DB8 /* GB_UserUI_ClientVK */,
				0D0CF70E2576E1E700B59DB8 /* Products */,
				5D532260C9455F788213D40A /* Pods */,
				88237BCD8E7111AEB5EAF0C1 /* Frameworks */,
			);
			sourceTree = "<group>";
		};
		0D0CF70E2576E1E700B59DB8 /* Products */ = {
			isa = PBXGroup;
			children = (
				0D0CF70D2576E1E700B59DB8 /* GB_UserUI_ClientVK.app */,
			);
			name = Products;
			sourceTree = "<group>";
		};
		0D0CF70F2576E1E700B59DB8 /* GB_UserUI_ClientVK */ = {
			isa = PBXGroup;
			children = (
				0D0CF7102576E1E700B59DB8 /* AppDelegate.swift */,
				0D0CF7122576E1E700B59DB8 /* SceneDelegate.swift */,
				0D0CF7192576E1E900B59DB8 /* Assets.xcassets */,
				0D0CF71E2576E1E900B59DB8 /* Info.plist */,
			);
			path = GB_UserUI_ClientVK;
			sourceTree = "<group>";
		};
		0D21973B258A8EF500E6564C /* AvatarImage */ = {
			isa = PBXGroup;
			children = (
				0D21973C258A8F1D00E6564C /* AvatarImage.swift */,
			);
			path = AvatarImage;
			sourceTree = "<group>";
		};
		0D25EB962584FFA70035A6E1 /* Groups */ = {
			isa = PBXGroup;
			children = (
				0D25EB972584FFB70035A6E1 /* GroupsTableViewController.swift */,
				0D25EB9D258502860035A6E1 /* GroupsTableViewCell.swift */,
				0D25EBA6258516070035A6E1 /* AllGroupsTableViewCell.swift */,
				0D25EBA2258514130035A6E1 /* AllGroupsTableViewController.swift */,
			);
			path = Groups;
			sourceTree = "<group>";
		};
		0D25EB9A2584FFD60035A6E1 /* Login */ = {
			isa = PBXGroup;
			children = (
				0D0CF7262576E3AA00B59DB8 /* LoginFormController.swift */,
			);
			path = Login;
			sourceTree = "<group>";
		};
		0D25EB9B258500060035A6E1 /* View */ = {
			isa = PBXGroup;
			children = (
				0D0CF7162576E1E700B59DB8 /* Main.storyboard */,
				0D0CF71B2576E1E900B59DB8 /* LaunchScreen.storyboard */,
			);
			path = View;
			sourceTree = "<group>";
		};
		0D25EBA925851B950035A6E1 /* Model */ = {
			isa = PBXGroup;
			children = (
				0D25EBAA25851BAF0035A6E1 /* Model.swift */,
				0DB25BFC25B32C66007769F9 /* Account.swift */,
			);
			path = Model;
			sourceTree = "<group>";
		};
		0D33C14825813FC900720367 /* Friends */ = {
			isa = PBXGroup;
			children = (
				0D33C1492581400C00720367 /* FrinendsTableViewController.swift */,
				0D33C150258141AC00720367 /* FriendTableViewCell.swift */,
				0D33C15325814CDF00720367 /* FriendCollectionViewController.swift */,
				0D33C15625814F4600720367 /* FriendCollectionViewCell.swift */,
			);
			path = Friends;
			sourceTree = "<group>";
		};
		0D437EFD2597703F00CF9164 /* Indicators */ = {
			isa = PBXGroup;
			children = (
				0D437EFE2597708600CF9164 /* LoadingIndicatorUIView.swift */,
			);
			path = Indicators;
			sourceTree = "<group>";
		};
		0D6715AD25863D0E00215115 /* Graphics */ = {
			isa = PBXGroup;
			children = (
				0D6715AE25863D5B00215115 /* Graphics.storyboard */,
				0D6715B125863D9400215115 /* GraphicsViewController.swift */,
			);
			path = Graphics;
			sourceTree = "<group>";
		};
		0DA27763258E443500767C49 /* News */ = {
			isa = PBXGroup;
			children = (
				0DA27764258E446400767C49 /* NewsTableViewController.swift */,
				0DA27767258E44FD00767C49 /* NewsTableViewCell.swift */,
				0DA27768258E44FD00767C49 /* NewsTableViewCell.xib */,
				0DD731972593CE2B00499C5D /* NewsTableViewSectionHeader.xib */,
				0DD7319A2593CEBA00499C5D /* NewsTableViewSectionHeader.swift */,
				0DD7319F2593DD9C00499C5D /* NewsTextTableViewCell.swift */,
				0DD731A22593DF5F00499C5D /* NewsImagePublicationCell.swift */,
				0DD731A62593F4FB00499C5D /* NewsTableSectionFooter.swift */,
				0DD731A72593F4FB00499C5D /* NewsTableSectionFooter.xib */,
			);
			path = News;
			sourceTree = "<group>";
		};
		0DD83AB825B4E62400EDB9E5 /* Services */ = {
			isa = PBXGroup;
			children = (
				0DD83AB925B4E64600EDB9E5 /* NetworkServices.swift */,
			);
			path = Services;
			sourceTree = "<group>";
		};
		0DD83AC025B6272300EDB9E5 /* Authorization */ = {
			isa = PBXGroup;
			children = (
				0DD83AC125B6275E00EDB9E5 /* AuthorizationVKController.swift */,
				0DD83AC525B62BBD00EDB9E5 /* LoginViewController.swift */,
			);
			path = Authorization;
			sourceTree = "<group>";
		};
		5D532260C9455F788213D40A /* Pods */ = {
			isa = PBXGroup;
			children = (
				47A8DF17DFD4C999AF9E77A0 /* Pods-GB_UserUI_ClientVK.debug.xcconfig */,
				52F0A0C02C2C60E20F9C39DF /* Pods-GB_UserUI_ClientVK.release.xcconfig */,
			);
			path = Pods;
			sourceTree = "<group>";
		};
		88237BCD8E7111AEB5EAF0C1 /* Frameworks */ = {
			isa = PBXGroup;
			children = (
				7C4064C8942518732A1B26C4 /* Pods_GB_UserUI_ClientVK.framework */,
			);
			name = Frameworks;
			sourceTree = "<group>";
		};
/* End PBXGroup section */

/* Begin PBXNativeTarget section */
		0D0CF70C2576E1E700B59DB8 /* GB_UserUI_ClientVK */ = {
			isa = PBXNativeTarget;
			buildConfigurationList = 0D0CF7212576E1E900B59DB8 /* Build configuration list for PBXNativeTarget "GB_UserUI_ClientVK" */;
			buildPhases = (
				25D6F56A40ED15EFCCAAC79C /* [CP] Check Pods Manifest.lock */,
				0D0CF7092576E1E700B59DB8 /* Sources */,
				0D0CF70A2576E1E700B59DB8 /* Frameworks */,
				0D0CF70B2576E1E700B59DB8 /* Resources */,
				DDD9318D2C0160F2AB4183BC /* [CP] Embed Pods Frameworks */,
			);
			buildRules = (
			);
			dependencies = (
			);
			name = GB_UserUI_ClientVK;
			productName = GB_UserUI_ClientVK;
			productReference = 0D0CF70D2576E1E700B59DB8 /* GB_UserUI_ClientVK.app */;
			productType = "com.apple.product-type.application";
		};
/* End PBXNativeTarget section */

/* Begin PBXProject section */
		0D0CF7052576E1E700B59DB8 /* Project object */ = {
			isa = PBXProject;
			attributes = {
				LastSwiftUpdateCheck = 1220;
				LastUpgradeCheck = 1220;
				TargetAttributes = {
					0D0CF70C2576E1E700B59DB8 = {
						CreatedOnToolsVersion = 12.2;
					};
				};
			};
			buildConfigurationList = 0D0CF7082576E1E700B59DB8 /* Build configuration list for PBXProject "GB_UserUI_ClientVK" */;
			compatibilityVersion = "Xcode 9.3";
			developmentRegion = en;
			hasScannedForEncodings = 0;
			knownRegions = (
				en,
				Base,
			);
			mainGroup = 0D0CF7042576E1E700B59DB8;
			productRefGroup = 0D0CF70E2576E1E700B59DB8 /* Products */;
			projectDirPath = "";
			projectRoot = "";
			targets = (
				0D0CF70C2576E1E700B59DB8 /* GB_UserUI_ClientVK */,
			);
		};
/* End PBXProject section */

/* Begin PBXResourcesBuildPhase section */
		0D0CF70B2576E1E700B59DB8 /* Resources */ = {
			isa = PBXResourcesBuildPhase;
			buildActionMask = 2147483647;
			files = (
				0DD731982593CE2B00499C5D /* NewsTableViewSectionHeader.xib in Resources */,
				0D0CF71D2576E1E900B59DB8 /* LaunchScreen.storyboard in Resources */,
				0D0CF71A2576E1E900B59DB8 /* Assets.xcassets in Resources */,
				0DD731A92593F4FB00499C5D /* NewsTableSectionFooter.xib in Resources */,
				0D0CF7182576E1E700B59DB8 /* Main.storyboard in Resources */,
				0D6715AF25863D5B00215115 /* Graphics.storyboard in Resources */,
				0DA2776A258E44FD00767C49 /* NewsTableViewCell.xib in Resources */,
			);
			runOnlyForDeploymentPostprocessing = 0;
		};
/* End PBXResourcesBuildPhase section */

/* Begin PBXShellScriptBuildPhase section */
		25D6F56A40ED15EFCCAAC79C /* [CP] Check Pods Manifest.lock */ = {
			isa = PBXShellScriptBuildPhase;
			buildActionMask = 2147483647;
			files = (
			);
			inputFileListPaths = (
			);
			inputPaths = (
				"${PODS_PODFILE_DIR_PATH}/Podfile.lock",
				"${PODS_ROOT}/Manifest.lock",
			);
			name = "[CP] Check Pods Manifest.lock";
			outputFileListPaths = (
			);
			outputPaths = (
				"$(DERIVED_FILE_DIR)/Pods-GB_UserUI_ClientVK-checkManifestLockResult.txt",
			);
			runOnlyForDeploymentPostprocessing = 0;
			shellPath = /bin/sh;
			shellScript = "diff \"${PODS_PODFILE_DIR_PATH}/Podfile.lock\" \"${PODS_ROOT}/Manifest.lock\" > /dev/null\nif [ $? != 0 ] ; then\n    # print error to STDERR\n    echo \"error: The sandbox is not in sync with the Podfile.lock. Run 'pod install' or update your CocoaPods installation.\" >&2\n    exit 1\nfi\n# This output is used by Xcode 'outputs' to avoid re-running this script phase.\necho \"SUCCESS\" > \"${SCRIPT_OUTPUT_FILE_0}\"\n";
			showEnvVarsInLog = 0;
		};
		DDD9318D2C0160F2AB4183BC /* [CP] Embed Pods Frameworks */ = {
			isa = PBXShellScriptBuildPhase;
			buildActionMask = 2147483647;
			files = (
			);
			inputFileListPaths = (
				"${PODS_ROOT}/Target Support Files/Pods-GB_UserUI_ClientVK/Pods-GB_UserUI_ClientVK-frameworks-${CONFIGURATION}-input-files.xcfilelist",
			);
			name = "[CP] Embed Pods Frameworks";
			outputFileListPaths = (
				"${PODS_ROOT}/Target Support Files/Pods-GB_UserUI_ClientVK/Pods-GB_UserUI_ClientVK-frameworks-${CONFIGURATION}-output-files.xcfilelist",
			);
			runOnlyForDeploymentPostprocessing = 0;
			shellPath = /bin/sh;
			shellScript = "\"${PODS_ROOT}/Target Support Files/Pods-GB_UserUI_ClientVK/Pods-GB_UserUI_ClientVK-frameworks.sh\"\n";
			showEnvVarsInLog = 0;
		};
/* End PBXShellScriptBuildPhase section */

/* Begin PBXSourcesBuildPhase section */
		0D0CF7092576E1E700B59DB8 /* Sources */ = {
			isa = PBXSourcesBuildPhase;
			buildActionMask = 2147483647;
			files = (
				0D33C14A2581400C00720367 /* FrinendsTableViewController.swift in Sources */,
				0D25EBAB25851BAF0035A6E1 /* Model.swift in Sources */,
				0D031B1C258AA047005FF413 /* ImLikeIt.swift in Sources */,
				0DD731A32593DF5F00499C5D /* NewsImagePublicationCell.swift in Sources */,
				0D25EB982584FFB70035A6E1 /* GroupsTableViewController.swift in Sources */,
				0D0CF7272576E3AA00B59DB8 /* LoginFormController.swift in Sources */,
				0D21973D258A8F1D00E6564C /* AvatarImage.swift in Sources */,
				0DD731A82593F4FB00499C5D /* NewsTableSectionFooter.swift in Sources */,
				0DB25BFD25B32C66007769F9 /* Account.swift in Sources */,
				0DD731A02593DD9C00499C5D /* NewsTextTableViewCell.swift in Sources */,
				0DD83ABA25B4E64600EDB9E5 /* NetworkServices.swift in Sources */,
				0DD7319B2593CEBA00499C5D /* NewsTableViewSectionHeader.swift in Sources */,
				0D33C151258141AC00720367 /* FriendTableViewCell.swift in Sources */,
				0D25EB9E258502860035A6E1 /* GroupsTableViewCell.swift in Sources */,
				0D33C15725814F4600720367 /* FriendCollectionViewCell.swift in Sources */,
				0D0CF7112576E1E700B59DB8 /* AppDelegate.swift in Sources */,
				0D6715B225863D9400215115 /* GraphicsViewController.swift in Sources */,
				0D25EBA3258514130035A6E1 /* AllGroupsTableViewController.swift in Sources */,
				0DD83AC225B6275E00EDB9E5 /* AuthorizationVKController.swift in Sources */,
				0DA27765258E446400767C49 /* NewsTableViewController.swift in Sources */,
				0D25EBA7258516070035A6E1 /* AllGroupsTableViewCell.swift in Sources */,
				0DA27769258E44FD00767C49 /* NewsTableViewCell.swift in Sources */,
				0D437EFF2597708600CF9164 /* LoadingIndicatorUIView.swift in Sources */,
				0D33C15425814CDF00720367 /* FriendCollectionViewController.swift in Sources */,
				0DD83AC625B62BBD00EDB9E5 /* LoginViewController.swift in Sources */,
				0D0CF7132576E1E700B59DB8 /* SceneDelegate.swift in Sources */,
			);
			runOnlyForDeploymentPostprocessing = 0;
		};
/* End PBXSourcesBuildPhase section */

/* Begin PBXVariantGroup section */
		0D0CF7162576E1E700B59DB8 /* Main.storyboard */ = {
			isa = PBXVariantGroup;
			children = (
				0D0CF7172576E1E700B59DB8 /* Base */,
			);
			name = Main.storyboard;
			sourceTree = "<group>";
		};
		0D0CF71B2576E1E900B59DB8 /* LaunchScreen.storyboard */ = {
			isa = PBXVariantGroup;
			children = (
				0D0CF71C2576E1E900B59DB8 /* Base */,
			);
			name = LaunchScreen.storyboard;
			sourceTree = "<group>";
		};
/* End PBXVariantGroup section */

/* Begin XCBuildConfiguration section */
		0D0CF71F2576E1E900B59DB8 /* Debug */ = {
			isa = XCBuildConfiguration;
			buildSettings = {
				ALWAYS_SEARCH_USER_PATHS = NO;
				CLANG_ANALYZER_NONNULL = YES;
				CLANG_ANALYZER_NUMBER_OBJECT_CONVERSION = YES_AGGRESSIVE;
				CLANG_CXX_LANGUAGE_STANDARD = "gnu++14";
				CLANG_CXX_LIBRARY = "libc++";
				CLANG_ENABLE_MODULES = YES;
				CLANG_ENABLE_OBJC_ARC = YES;
				CLANG_ENABLE_OBJC_WEAK = YES;
				CLANG_WARN_BLOCK_CAPTURE_AUTORELEASING = YES;
				CLANG_WARN_BOOL_CONVERSION = YES;
				CLANG_WARN_COMMA = YES;
				CLANG_WARN_CONSTANT_CONVERSION = YES;
				CLANG_WARN_DEPRECATED_OBJC_IMPLEMENTATIONS = YES;
				CLANG_WARN_DIRECT_OBJC_ISA_USAGE = YES_ERROR;
				CLANG_WARN_DOCUMENTATION_COMMENTS = YES;
				CLANG_WARN_EMPTY_BODY = YES;
				CLANG_WARN_ENUM_CONVERSION = YES;
				CLANG_WARN_INFINITE_RECURSION = YES;
				CLANG_WARN_INT_CONVERSION = YES;
				CLANG_WARN_NON_LITERAL_NULL_CONVERSION = YES;
				CLANG_WARN_OBJC_IMPLICIT_RETAIN_SELF = YES;
				CLANG_WARN_OBJC_LITERAL_CONVERSION = YES;
				CLANG_WARN_OBJC_ROOT_CLASS = YES_ERROR;
				CLANG_WARN_QUOTED_INCLUDE_IN_FRAMEWORK_HEADER = YES;
				CLANG_WARN_RANGE_LOOP_ANALYSIS = YES;
				CLANG_WARN_STRICT_PROTOTYPES = YES;
				CLANG_WARN_SUSPICIOUS_MOVE = YES;
				CLANG_WARN_UNGUARDED_AVAILABILITY = YES_AGGRESSIVE;
				CLANG_WARN_UNREACHABLE_CODE = YES;
				CLANG_WARN__DUPLICATE_METHOD_MATCH = YES;
				COPY_PHASE_STRIP = NO;
				DEBUG_INFORMATION_FORMAT = dwarf;
				ENABLE_STRICT_OBJC_MSGSEND = YES;
				ENABLE_TESTABILITY = YES;
				GCC_C_LANGUAGE_STANDARD = gnu11;
				GCC_DYNAMIC_NO_PIC = NO;
				GCC_NO_COMMON_BLOCKS = YES;
				GCC_OPTIMIZATION_LEVEL = 0;
				GCC_PREPROCESSOR_DEFINITIONS = (
					"DEBUG=1",
					"$(inherited)",
				);
				GCC_WARN_64_TO_32_BIT_CONVERSION = YES;
				GCC_WARN_ABOUT_RETURN_TYPE = YES_ERROR;
				GCC_WARN_UNDECLARED_SELECTOR = YES;
				GCC_WARN_UNINITIALIZED_AUTOS = YES_AGGRESSIVE;
				GCC_WARN_UNUSED_FUNCTION = YES;
				GCC_WARN_UNUSED_VARIABLE = YES;
				IPHONEOS_DEPLOYMENT_TARGET = 14.2;
				MTL_ENABLE_DEBUG_INFO = INCLUDE_SOURCE;
				MTL_FAST_MATH = YES;
				ONLY_ACTIVE_ARCH = YES;
				SDKROOT = iphoneos;
				SWIFT_ACTIVE_COMPILATION_CONDITIONS = DEBUG;
				SWIFT_OPTIMIZATION_LEVEL = "-Onone";
			};
			name = Debug;
		};
		0D0CF7202576E1E900B59DB8 /* Release */ = {
			isa = XCBuildConfiguration;
			buildSettings = {
				ALWAYS_SEARCH_USER_PATHS = NO;
				CLANG_ANALYZER_NONNULL = YES;
				CLANG_ANALYZER_NUMBER_OBJECT_CONVERSION = YES_AGGRESSIVE;
				CLANG_CXX_LANGUAGE_STANDARD = "gnu++14";
				CLANG_CXX_LIBRARY = "libc++";
				CLANG_ENABLE_MODULES = YES;
				CLANG_ENABLE_OBJC_ARC = YES;
				CLANG_ENABLE_OBJC_WEAK = YES;
				CLANG_WARN_BLOCK_CAPTURE_AUTORELEASING = YES;
				CLANG_WARN_BOOL_CONVERSION = YES;
				CLANG_WARN_COMMA = YES;
				CLANG_WARN_CONSTANT_CONVERSION = YES;
				CLANG_WARN_DEPRECATED_OBJC_IMPLEMENTATIONS = YES;
				CLANG_WARN_DIRECT_OBJC_ISA_USAGE = YES_ERROR;
				CLANG_WARN_DOCUMENTATION_COMMENTS = YES;
				CLANG_WARN_EMPTY_BODY = YES;
				CLANG_WARN_ENUM_CONVERSION = YES;
				CLANG_WARN_INFINITE_RECURSION = YES;
				CLANG_WARN_INT_CONVERSION = YES;
				CLANG_WARN_NON_LITERAL_NULL_CONVERSION = YES;
				CLANG_WARN_OBJC_IMPLICIT_RETAIN_SELF = YES;
				CLANG_WARN_OBJC_LITERAL_CONVERSION = YES;
				CLANG_WARN_OBJC_ROOT_CLASS = YES_ERROR;
				CLANG_WARN_QUOTED_INCLUDE_IN_FRAMEWORK_HEADER = YES;
				CLANG_WARN_RANGE_LOOP_ANALYSIS = YES;
				CLANG_WARN_STRICT_PROTOTYPES = YES;
				CLANG_WARN_SUSPICIOUS_MOVE = YES;
				CLANG_WARN_UNGUARDED_AVAILABILITY = YES_AGGRESSIVE;
				CLANG_WARN_UNREACHABLE_CODE = YES;
				CLANG_WARN__DUPLICATE_METHOD_MATCH = YES;
				COPY_PHASE_STRIP = NO;
				DEBUG_INFORMATION_FORMAT = "dwarf-with-dsym";
				ENABLE_NS_ASSERTIONS = NO;
				ENABLE_STRICT_OBJC_MSGSEND = YES;
				GCC_C_LANGUAGE_STANDARD = gnu11;
				GCC_NO_COMMON_BLOCKS = YES;
				GCC_WARN_64_TO_32_BIT_CONVERSION = YES;
				GCC_WARN_ABOUT_RETURN_TYPE = YES_ERROR;
				GCC_WARN_UNDECLARED_SELECTOR = YES;
				GCC_WARN_UNINITIALIZED_AUTOS = YES_AGGRESSIVE;
				GCC_WARN_UNUSED_FUNCTION = YES;
				GCC_WARN_UNUSED_VARIABLE = YES;
				IPHONEOS_DEPLOYMENT_TARGET = 14.2;
				MTL_ENABLE_DEBUG_INFO = NO;
				MTL_FAST_MATH = YES;
				SDKROOT = iphoneos;
				SWIFT_COMPILATION_MODE = wholemodule;
				SWIFT_OPTIMIZATION_LEVEL = "-O";
				VALIDATE_PRODUCT = YES;
			};
			name = Release;
		};
		0D0CF7222576E1E900B59DB8 /* Debug */ = {
			isa = XCBuildConfiguration;
			baseConfigurationReference = 47A8DF17DFD4C999AF9E77A0 /* Pods-GB_UserUI_ClientVK.debug.xcconfig */;
			buildSettings = {
				ASSETCATALOG_COMPILER_APPICON_NAME = AppIcon;
				ASSETCATALOG_COMPILER_GLOBAL_ACCENT_COLOR_NAME = AccentColor;
				CODE_SIGN_STYLE = Automatic;
				DEVELOPMENT_TEAM = 8N984JK6KN;
				INFOPLIST_FILE = GB_UserUI_ClientVK/Info.plist;
				LD_RUNPATH_SEARCH_PATHS = (
					"$(inherited)",
					"@executable_path/Frameworks",
				);
				PRODUCT_BUNDLE_IDENTIFIER = "com.a.zarudnyy.GB-UserUI-ClientVK";
				PRODUCT_NAME = "$(TARGET_NAME)";
				SWIFT_VERSION = 5.0;
				TARGETED_DEVICE_FAMILY = "1,2";
			};
			name = Debug;
		};
		0D0CF7232576E1E900B59DB8 /* Release */ = {
			isa = XCBuildConfiguration;
			baseConfigurationReference = 52F0A0C02C2C60E20F9C39DF /* Pods-GB_UserUI_ClientVK.release.xcconfig */;
			buildSettings = {
				ASSETCATALOG_COMPILER_APPICON_NAME = AppIcon;
				ASSETCATALOG_COMPILER_GLOBAL_ACCENT_COLOR_NAME = AccentColor;
				CODE_SIGN_STYLE = Automatic;
				DEVELOPMENT_TEAM = 8N984JK6KN;
				INFOPLIST_FILE = GB_UserUI_ClientVK/Info.plist;
				LD_RUNPATH_SEARCH_PATHS = (
					"$(inherited)",
					"@executable_path/Frameworks",
				);
				PRODUCT_BUNDLE_IDENTIFIER = "com.a.zarudnyy.GB-UserUI-ClientVK";
				PRODUCT_NAME = "$(TARGET_NAME)";
				SWIFT_VERSION = 5.0;
				TARGETED_DEVICE_FAMILY = "1,2";
			};
			name = Release;
		};
/* End XCBuildConfiguration section */

/* Begin XCConfigurationList section */
		0D0CF7082576E1E700B59DB8 /* Build configuration list for PBXProject "GB_UserUI_ClientVK" */ = {
			isa = XCConfigurationList;
			buildConfigurations = (
				0D0CF71F2576E1E900B59DB8 /* Debug */,
				0D0CF7202576E1E900B59DB8 /* Release */,
			);
			defaultConfigurationIsVisible = 0;
			defaultConfigurationName = Release;
		};
		0D0CF7212576E1E900B59DB8 /* Build configuration list for PBXNativeTarget "GB_UserUI_ClientVK" */ = {
			isa = XCConfigurationList;
			buildConfigurations = (
				0D0CF7222576E1E900B59DB8 /* Debug */,
				0D0CF7232576E1E900B59DB8 /* Release */,
			);
			defaultConfigurationIsVisible = 0;
			defaultConfigurationName = Release;
		};
/* End XCConfigurationList section */
	};
	rootObject = 0D0CF7052576E1E700B59DB8 /* Project object */;
}
